// !$*UTF8*$!
{
	archiveVersion = 1;
	classes = {
	};
	objectVersion = 50;
	objects = {

/* Begin PBXBuildFile section */
		6BDAA7DE26C5E2AE0023A66F /* test7App.swift in Sources */ = {isa = PBXBuildFile; fileRef = 6BDAA7DD26C5E2AE0023A66F /* test7App.swift */; };
		6BDAA7E026C5E2AE0023A66F /* ContentView.swift in Sources */ = {isa = PBXBuildFile; fileRef = 6BDAA7DF26C5E2AE0023A66F /* ContentView.swift */; };
		6BDAA7E226C5E2B00023A66F /* Assets.xcassets in Resources */ = {isa = PBXBuildFile; fileRef = 6BDAA7E126C5E2B00023A66F /* Assets.xcassets */; };
		6BDAA7E526C5E2B00023A66F /* Preview Assets.xcassets in Resources */ = {isa = PBXBuildFile; fileRef = 6BDAA7E426C5E2B00023A66F /* Preview Assets.xcassets */; };
		6BDAA7ED26C5FAF00023A66F /* QuizCard.swift in Sources */ = {isa = PBXBuildFile; fileRef = 6BDAA7EC26C5FAF00023A66F /* QuizCard.swift */; };
		6BDAA7F026C5FE080023A66F /* Main.xcdatamodeld in Sources */ = {isa = PBXBuildFile; fileRef = 6BDAA7EE26C5FE080023A66F /* Main.xcdatamodeld */; };
		6BDAA7F626C6A9130023A66F /* Persistence.swift in Sources */ = {isa = PBXBuildFile; fileRef = 6BDAA7F526C6A9130023A66F /* Persistence.swift */; };
		6BDAA7FA26C6B0CB0023A66F /* QuizView.swift in Sources */ = {isa = PBXBuildFile; fileRef = 6BDAA7F926C6B0CB0023A66F /* QuizView.swift */; };
		6BDAA7FC26C6B34E0023A66F /* AddQuiz.swift in Sources */ = {isa = PBXBuildFile; fileRef = 6BDAA7FB26C6B34E0023A66F /* AddQuiz.swift */; };
		6BDAA7FF26C6CAE40023A66F /* QuizDescriptionView.swift in Sources */ = {isa = PBXBuildFile; fileRef = 6BDAA7FE26C6CAE40023A66F /* QuizDescriptionView.swift */; };
		6BDAA80126C6E2BB0023A66F /* AddQuestion.swift in Sources */ = {isa = PBXBuildFile; fileRef = 6BDAA80026C6E2BB0023A66F /* AddQuestion.swift */; };
		6BDAA80326C6E7390023A66F /* Model.swift in Sources */ = {isa = PBXBuildFile; fileRef = 6BDAA80226C6E7390023A66F /* Model.swift */; };
/* End PBXBuildFile section */

/* Begin PBXFileReference section */
		6BDAA7DA26C5E2AE0023A66F /* test7.app */ = {isa = PBXFileReference; explicitFileType = wrapper.application; includeInIndex = 0; path = test7.app; sourceTree = BUILT_PRODUCTS_DIR; };
		6BDAA7DD26C5E2AE0023A66F /* test7App.swift */ = {isa = PBXFileReference; lastKnownFileType = sourcecode.swift; path = test7App.swift; sourceTree = "<group>"; };
		6BDAA7DF26C5E2AE0023A66F /* ContentView.swift */ = {isa = PBXFileReference; lastKnownFileType = sourcecode.swift; path = ContentView.swift; sourceTree = "<group>"; };
		6BDAA7E126C5E2B00023A66F /* Assets.xcassets */ = {isa = PBXFileReference; lastKnownFileType = folder.assetcatalog; path = Assets.xcassets; sourceTree = "<group>"; };
		6BDAA7E426C5E2B00023A66F /* Preview Assets.xcassets */ = {isa = PBXFileReference; lastKnownFileType = folder.assetcatalog; path = "Preview Assets.xcassets"; sourceTree = "<group>"; };
		6BDAA7E626C5E2B00023A66F /* Info.plist */ = {isa = PBXFileReference; lastKnownFileType = text.plist.xml; path = Info.plist; sourceTree = "<group>"; };
		6BDAA7EC26C5FAF00023A66F /* QuizCard.swift */ = {isa = PBXFileReference; lastKnownFileType = sourcecode.swift; path = QuizCard.swift; sourceTree = "<group>"; };
		6BDAA7EF26C5FE080023A66F /* Main.xcdatamodel */ = {isa = PBXFileReference; lastKnownFileType = wrapper.xcdatamodel; path = Main.xcdatamodel; sourceTree = "<group>"; };
		6BDAA7F526C6A9130023A66F /* Persistence.swift */ = {isa = PBXFileReference; lastKnownFileType = sourcecode.swift; path = Persistence.swift; sourceTree = "<group>"; };
		6BDAA7F926C6B0CB0023A66F /* QuizView.swift */ = {isa = PBXFileReference; lastKnownFileType = sourcecode.swift; path = QuizView.swift; sourceTree = "<group>"; };
		6BDAA7FB26C6B34E0023A66F /* AddQuiz.swift */ = {isa = PBXFileReference; lastKnownFileType = sourcecode.swift; path = AddQuiz.swift; sourceTree = "<group>"; };
		6BDAA7FE26C6CAE40023A66F /* QuizDescriptionView.swift */ = {isa = PBXFileReference; lastKnownFileType = sourcecode.swift; path = QuizDescriptionView.swift; sourceTree = "<group>"; };
		6BDAA80026C6E2BB0023A66F /* AddQuestion.swift */ = {isa = PBXFileReference; lastKnownFileType = sourcecode.swift; path = AddQuestion.swift; sourceTree = "<group>"; };
		6BDAA80226C6E7390023A66F /* Model.swift */ = {isa = PBXFileReference; lastKnownFileType = sourcecode.swift; path = Model.swift; sourceTree = "<group>"; };
/* End PBXFileReference section */

/* Begin PBXFrameworksBuildPhase section */
		6BDAA7D726C5E2AE0023A66F /* Frameworks */ = {
			isa = PBXFrameworksBuildPhase;
			buildActionMask = 2147483647;
			files = (
			);
			runOnlyForDeploymentPostprocessing = 0;
		};
/* End PBXFrameworksBuildPhase section */

/* Begin PBXGroup section */
		6BDAA7D126C5E2AE0023A66F = {
			isa = PBXGroup;
			children = (
				6BDAA7DC26C5E2AE0023A66F /* test7 */,
				6BDAA7DB26C5E2AE0023A66F /* Products */,
			);
			sourceTree = "<group>";
		};
		6BDAA7DB26C5E2AE0023A66F /* Products */ = {
			isa = PBXGroup;
			children = (
				6BDAA7DA26C5E2AE0023A66F /* test7.app */,
			);
			name = Products;
			sourceTree = "<group>";
		};
		6BDAA7DC26C5E2AE0023A66F /* test7 */ = {
			isa = PBXGroup;
			children = (
				6BDAA7FD26C6C0EA0023A66F /* Views */,
				6BDAA7DD26C5E2AE0023A66F /* test7App.swift */,
				6BDAA7EE26C5FE080023A66F /* Main.xcdatamodeld */,
				6BDAA7E126C5E2B00023A66F /* Assets.xcassets */,
				6BDAA7E626C5E2B00023A66F /* Info.plist */,
				6BDAA7E326C5E2B00023A66F /* Preview Content */,
				6BDAA7F526C6A9130023A66F /* Persistence.swift */,
				6BDAA80226C6E7390023A66F /* Model.swift */,
			);
			path = test7;
			sourceTree = "<group>";
		};
		6BDAA7E326C5E2B00023A66F /* Preview Content */ = {
			isa = PBXGroup;
			children = (
				6BDAA7E426C5E2B00023A66F /* Preview Assets.xcassets */,
			);
			path = "Preview Content";
			sourceTree = "<group>";
		};
		6BDAA7FD26C6C0EA0023A66F /* Views */ = {
			isa = PBXGroup;
			children = (
				6BDAA7DF26C5E2AE0023A66F /* ContentView.swift */,
				6BDAA7F926C6B0CB0023A66F /* QuizView.swift */,
				6BDAA7FB26C6B34E0023A66F /* AddQuiz.swift */,
				6BDAA7EC26C5FAF00023A66F /* QuizCard.swift */,
				6BDAA7FE26C6CAE40023A66F /* QuizDescriptionView.swift */,
				6BDAA80026C6E2BB0023A66F /* AddQuestion.swift */,
			);
			path = Views;
			sourceTree = "<group>";
		};
/* End PBXGroup section */

/* Begin PBXNativeTarget section */
		6BDAA7D926C5E2AE0023A66F /* test7 */ = {
			isa = PBXNativeTarget;
			buildConfigurationList = 6BDAA7E926C5E2B00023A66F /* Build configuration list for PBXNativeTarget "test7" */;
			buildPhases = (
				6BDAA7D626C5E2AE0023A66F /* Sources */,
				6BDAA7D726C5E2AE0023A66F /* Frameworks */,
				6BDAA7D826C5E2AE0023A66F /* Resources */,
			);
			buildRules = (
			);
			dependencies = (
			);
			name = test7;
			productName = test7;
			productReference = 6BDAA7DA26C5E2AE0023A66F /* test7.app */;
			productType = "com.apple.product-type.application";
		};
/* End PBXNativeTarget section */

/* Begin PBXProject section */
		6BDAA7D226C5E2AE0023A66F /* Project object */ = {
			isa = PBXProject;
			attributes = {
				LastSwiftUpdateCheck = 1250;
				LastUpgradeCheck = 1250;
				TargetAttributes = {
					6BDAA7D926C5E2AE0023A66F = {
						CreatedOnToolsVersion = 12.5.1;
					};
				};
			};
			buildConfigurationList = 6BDAA7D526C5E2AE0023A66F /* Build configuration list for PBXProject "test7" */;
			compatibilityVersion = "Xcode 9.3";
			developmentRegion = en;
			hasScannedForEncodings = 0;
			knownRegions = (
				en,
				Base,
			);
			mainGroup = 6BDAA7D126C5E2AE0023A66F;
			productRefGroup = 6BDAA7DB26C5E2AE0023A66F /* Products */;
			projectDirPath = "";
			projectRoot = "";
			targets = (
				6BDAA7D926C5E2AE0023A66F /* test7 */,
			);
		};
/* End PBXProject section */

/* Begin PBXResourcesBuildPhase section */
		6BDAA7D826C5E2AE0023A66F /* Resources */ = {
			isa = PBXResourcesBuildPhase;
			buildActionMask = 2147483647;
			files = (
				6BDAA7E526C5E2B00023A66F /* Preview Assets.xcassets in Resources */,
				6BDAA7E226C5E2B00023A66F /* Assets.xcassets in Resources */,
			);
			runOnlyForDeploymentPostprocessing = 0;
		};
/* End PBXResourcesBuildPhase section */

/* Begin PBXSourcesBuildPhase section */
		6BDAA7D626C5E2AE0023A66F /* Sources */ = {
			isa = PBXSourcesBuildPhase;
			buildActionMask = 2147483647;
			files = (
				6BDAA7E026C5E2AE0023A66F /* ContentView.swift in Sources */,
				6BDAA7DE26C5E2AE0023A66F /* test7App.swift in Sources */,
				6BDAA80126C6E2BB0023A66F /* AddQuestion.swift in Sources */,
				6BDAA7F026C5FE080023A66F /* Main.xcdatamodeld in Sources */,
				6BDAA7ED26C5FAF00023A66F /* QuizCard.swift in Sources */,
				6BDAA80326C6E7390023A66F /* Model.swift in Sources */,
				6BDAA7FF26C6CAE40023A66F /* QuizDescriptionView.swift in Sources */,
				6BDAA7F626C6A9130023A66F /* Persistence.swift in Sources */,
				6BDAA7FC26C6B34E0023A66F /* AddQuiz.swift in Sources */,
				6BDAA7FA26C6B0CB0023A66F /* QuizView.swift in Sources */,
			);
			runOnlyForDeploymentPostprocessing = 0;
		};
/* End PBXSourcesBuildPhase section */

/* Begin XCBuildConfiguration section */
		6BDAA7E726C5E2B00023A66F /* Debug */ = {
			isa = XCBuildConfiguration;
			buildSettings = {
				ALWAYS_SEARCH_USER_PATHS = NO;
				CLANG_ANALYZER_NONNULL = YES;
				CLANG_ANALYZER_NUMBER_OBJECT_CONVERSION = YES_AGGRESSIVE;
				CLANG_CXX_LANGUAGE_STANDARD = "gnu++14";
				CLANG_CXX_LIBRARY = "libc++";
				CLANG_ENABLE_MODULES = YES;
				CLANG_ENABLE_OBJC_ARC = YES;
				CLANG_ENABLE_OBJC_WEAK = YES;
				CLANG_WARN_BLOCK_CAPTURE_AUTORELEASING = YES;
				CLANG_WARN_BOOL_CONVERSION = YES;
				CLANG_WARN_COMMA = YES;
				CLANG_WARN_CONSTANT_CONVERSION = YES;
				CLANG_WARN_DEPRECATED_OBJC_IMPLEMENTATIONS = YES;
				CLANG_WARN_DIRECT_OBJC_ISA_USAGE = YES_ERROR;
				CLANG_WARN_DOCUMENTATION_COMMENTS = YES;
				CLANG_WARN_EMPTY_BODY = YES;
				CLANG_WARN_ENUM_CONVERSION = YES;
				CLANG_WARN_INFINITE_RECURSION = YES;
				CLANG_WARN_INT_CONVERSION = YES;
				CLANG_WARN_NON_LITERAL_NULL_CONVERSION = YES;
				CLANG_WARN_OBJC_IMPLICIT_RETAIN_SELF = YES;
				CLANG_WARN_OBJC_LITERAL_CONVERSION = YES;
				CLANG_WARN_OBJC_ROOT_CLASS = YES_ERROR;
				CLANG_WARN_QUOTED_INCLUDE_IN_FRAMEWORK_HEADER = YES;
				CLANG_WARN_RANGE_LOOP_ANALYSIS = YES;
				CLANG_WARN_STRICT_PROTOTYPES = YES;
				CLANG_WARN_SUSPICIOUS_MOVE = YES;
				CLANG_WARN_UNGUARDED_AVAILABILITY = YES_AGGRESSIVE;
				CLANG_WARN_UNREACHABLE_CODE = YES;
				CLANG_WARN__DUPLICATE_METHOD_MATCH = YES;
				COPY_PHASE_STRIP = NO;
				DEBUG_INFORMATION_FORMAT = dwarf;
				ENABLE_STRICT_OBJC_MSGSEND = YES;
				ENABLE_TESTABILITY = YES;
				GCC_C_LANGUAGE_STANDARD = gnu11;
				GCC_DYNAMIC_NO_PIC = NO;
				GCC_NO_COMMON_BLOCKS = YES;
				GCC_OPTIMIZATION_LEVEL = 0;
				GCC_PREPROCESSOR_DEFINITIONS = (
					"DEBUG=1",
					"$(inherited)",
				);
				GCC_WARN_64_TO_32_BIT_CONVERSION = YES;
				GCC_WARN_ABOUT_RETURN_TYPE = YES_ERROR;
				GCC_WARN_UNDECLARED_SELECTOR = YES;
				GCC_WARN_UNINITIALIZED_AUTOS = YES_AGGRESSIVE;
				GCC_WARN_UNUSED_FUNCTION = YES;
				GCC_WARN_UNUSED_VARIABLE = YES;
				IPHONEOS_DEPLOYMENT_TARGET = 14.5;
				MTL_ENABLE_DEBUG_INFO = INCLUDE_SOURCE;
				MTL_FAST_MATH = YES;
				ONLY_ACTIVE_ARCH = YES;
				SDKROOT = iphoneos;
				SWIFT_ACTIVE_COMPILATION_CONDITIONS = DEBUG;
				SWIFT_OPTIMIZATION_LEVEL = "-Onone";
			};
			name = Debug;
		};
		6BDAA7E826C5E2B00023A66F /* Release */ = {
			isa = XCBuildConfiguration;
			buildSettings = {
				ALWAYS_SEARCH_USER_PATHS = NO;
				CLANG_ANALYZER_NONNULL = YES;
				CLANG_ANALYZER_NUMBER_OBJECT_CONVERSION = YES_AGGRESSIVE;
				CLANG_CXX_LANGUAGE_STANDARD = "gnu++14";
				CLANG_CXX_LIBRARY = "libc++";
				CLANG_ENABLE_MODULES = YES;
				CLANG_ENABLE_OBJC_ARC = YES;
				CLANG_ENABLE_OBJC_WEAK = YES;
				CLANG_WARN_BLOCK_CAPTURE_AUTORELEASING = YES;
				CLANG_WARN_BOOL_CONVERSION = YES;
				CLANG_WARN_COMMA = YES;
				CLANG_WARN_CONSTANT_CONVERSION = YES;
				CLANG_WARN_DEPRECATED_OBJC_IMPLEMENTATIONS = YES;
				CLANG_WARN_DIRECT_OBJC_ISA_USAGE = YES_ERROR;
				CLANG_WARN_DOCUMENTATION_COMMENTS = YES;
				CLANG_WARN_EMPTY_BODY = YES;
				CLANG_WARN_ENUM_CONVERSION = YES;
				CLANG_WARN_INFINITE_RECURSION = YES;
				CLANG_WARN_INT_CONVERSION = YES;
				CLANG_WARN_NON_LITERAL_NULL_CONVERSION = YES;
				CLANG_WARN_OBJC_IMPLICIT_RETAIN_SELF = YES;
				CLANG_WARN_OBJC_LITERAL_CONVERSION = YES;
				CLANG_WARN_OBJC_ROOT_CLASS = YES_ERROR;
				CLANG_WARN_QUOTED_INCLUDE_IN_FRAMEWORK_HEADER = YES;
				CLANG_WARN_RANGE_LOOP_ANALYSIS = YES;
				CLANG_WARN_STRICT_PROTOTYPES = YES;
				CLANG_WARN_SUSPICIOUS_MOVE = YES;
				CLANG_WARN_UNGUARDED_AVAILABILITY = YES_AGGRESSIVE;
				CLANG_WARN_UNREACHABLE_CODE = YES;
				CLANG_WARN__DUPLICATE_METHOD_MATCH = YES;
				COPY_PHASE_STRIP = NO;
				DEBUG_INFORMATION_FORMAT = "dwarf-with-dsym";
				ENABLE_NS_ASSERTIONS = NO;
				ENABLE_STRICT_OBJC_MSGSEND = YES;
				GCC_C_LANGUAGE_STANDARD = gnu11;
				GCC_NO_COMMON_BLOCKS = YES;
				GCC_WARN_64_TO_32_BIT_CONVERSION = YES;
				GCC_WARN_ABOUT_RETURN_TYPE = YES_ERROR;
				GCC_WARN_UNDECLARED_SELECTOR = YES;
				GCC_WARN_UNINITIALIZED_AUTOS = YES_AGGRESSIVE;
				GCC_WARN_UNUSED_FUNCTION = YES;
				GCC_WARN_UNUSED_VARIABLE = YES;
				IPHONEOS_DEPLOYMENT_TARGET = 14.5;
				MTL_ENABLE_DEBUG_INFO = NO;
				MTL_FAST_MATH = YES;
				SDKROOT = iphoneos;
				SWIFT_COMPILATION_MODE = wholemodule;
				SWIFT_OPTIMIZATION_LEVEL = "-O";
				VALIDATE_PRODUCT = YES;
			};
			name = Release;
		};
		6BDAA7EA26C5E2B00023A66F /* Debug */ = {
			isa = XCBuildConfiguration;
			buildSettings = {
				ASSETCATALOG_COMPILER_APPICON_NAME = AppIcon;
				ASSETCATALOG_COMPILER_GLOBAL_ACCENT_COLOR_NAME = AccentColor;
				CODE_SIGN_STYLE = Automatic;
				DEVELOPMENT_ASSET_PATHS = "\"test7/Preview Content\"";
				ENABLE_PREVIEWS = YES;
				INFOPLIST_FILE = test7/Info.plist;
				IPHONEOS_DEPLOYMENT_TARGET = 14.0;
				LD_RUNPATH_SEARCH_PATHS = (
					"$(inherited)",
					"@executable_path/Frameworks",
				);
				PRODUCT_BUNDLE_IDENTIFIER = NolanFisher.test7;
				PRODUCT_NAME = "$(TARGET_NAME)";
				SWIFT_VERSION = 5.0;
				TARGETED_DEVICE_FAMILY = "1,2";
			};
			name = Debug;
		};
		6BDAA7EB26C5E2B00023A66F /* Release */ = {
			isa = XCBuildConfiguration;
			buildSettings = {
				ASSETCATALOG_COMPILER_APPICON_NAME = AppIcon;
				ASSETCATALOG_COMPILER_GLOBAL_ACCENT_COLOR_NAME = AccentColor;
				CODE_SIGN_STYLE = Automatic;
				DEVELOPMENT_ASSET_PATHS = "\"test7/Preview Content\"";
				ENABLE_PREVIEWS = YES;
				INFOPLIST_FILE = test7/Info.plist;
				IPHONEOS_DEPLOYMENT_TARGET = 14.0;
				LD_RUNPATH_SEARCH_PATHS = (
					"$(inherited)",
					"@executable_path/Frameworks",
				);
				PRODUCT_BUNDLE_IDENTIFIER = NolanFisher.test7;
				PRODUCT_NAME = "$(TARGET_NAME)";
				SWIFT_VERSION = 5.0;
				TARGETED_DEVICE_FAMILY = "1,2";
			};
			name = Release;
		};
/* End XCBuildConfiguration section */

/* Begin XCConfigurationList section */
		6BDAA7D526C5E2AE0023A66F /* Build configuration list for PBXProject "test7" */ = {
			isa = XCConfigurationList;
			buildConfigurations = (
				6BDAA7E726C5E2B00023A66F /* Debug */,
				6BDAA7E826C5E2B00023A66F /* Release */,
			);
			defaultConfigurationIsVisible = 0;
			defaultConfigurationName = Release;
		};
		6BDAA7E926C5E2B00023A66F /* Build configuration list for PBXNativeTarget "test7" */ = {
			isa = XCConfigurationList;
			buildConfigurations = (
				6BDAA7EA26C5E2B00023A66F /* Debug */,
				6BDAA7EB26C5E2B00023A66F /* Release */,
			);
			defaultConfigurationIsVisible = 0;
			defaultConfigurationName = Release;
		};
/* End XCConfigurationList section */

/* Begin XCVersionGroup section */
		6BDAA7EE26C5FE080023A66F /* Main.xcdatamodeld */ = {
			isa = XCVersionGroup;
			children = (
				6BDAA7EF26C5FE080023A66F /* Main.xcdatamodel */,
			);
			currentVersion = 6BDAA7EF26C5FE080023A66F /* Main.xcdatamodel */;
			path = Main.xcdatamodeld;
			sourceTree = "<group>";
			versionGroupType = wrapper.xcdatamodel;
		};
/* End XCVersionGroup section */
	};
	rootObject = 6BDAA7D226C5E2AE0023A66F /* Project object */;
}
